// !$*UTF8*$!
{
	archiveVersion = 1;
	classes = {};
	objectVersion = 56;
	objects = {
/* Begin PBXBuildFile section */
		100000000000000000000001 = {isa = PBXBuildFile; fileRef = 200000000000000000000001; };
		100000000000000000000002 = {isa = PBXBuildFile; fileRef = 200000000000000000000002; };
/* End PBXBuildFile section */
/* Begin PBXFileReference section */
		200000000000000000000001 = {isa = PBXFileReference; lastKnownFileType = sourcecode.swift; path = NCUStudyRocketDesktopWidget.swift; sourceTree = "<group>"; };
		200000000000000000000002 = {isa = PBXFileReference; lastKnownFileType = sourcecode.swift; name = DesktopWidgetSnapshot.swift; path = Sources/StudyRocketDesktopWidgetSupport/DesktopWidgetSnapshot.swift; sourceTree = "<group>"; };
		200000000000000000000003 = {isa = PBXFileReference; lastKnownFileType = text.plist.xml; path = Info.plist; sourceTree = "<group>"; };
		200000000000000000000004 = {isa = PBXFileReference; lastKnownFileType = text.plist.entitlements; path = AppGroup.entitlements; sourceTree = "<group>"; };
		200000000000000000000005 = {isa = PBXFileReference; explicitFileType = "wrapper.app-extension"; includeInIndex = 0; path = NCUStudyRocketDesktopWidget.appex; sourceTree = BUILT_PRODUCTS_DIR; };
/* End PBXFileReference section */
/* Begin PBXGroup section */
		300000000000000000000001 = {isa = PBXGroup; children = (300000000000000000000002, 200000000000000000000002, 300000000000000000000003); sourceTree = "<group>"; };
		300000000000000000000002 = {isa = PBXGroup; children = (200000000000000000000001, 200000000000000000000003, 200000000000000000000004); path = Widget; sourceTree = "<group>"; };
		300000000000000000000003 = {isa = PBXGroup; children = (200000000000000000000005); name = Products; sourceTree = "<group>"; };
/* End PBXGroup section */
/* Begin PBXNativeTarget section */
		400000000000000000000001 = {isa = PBXNativeTarget; buildConfigurationList = 700000000000000000000002; buildPhases = (500000000000000000000001); buildRules = (); dependencies = (); name = NCUStudyRocketDesktopWidget; productName = NCUStudyRocketDesktopWidget; productReference = 200000000000000000000005; productType = "com.apple.product-type.app-extension"; };
/* End PBXNativeTarget section */
/* Begin PBXProject section */
		400000000000000000000002 = {isa = PBXProject; attributes = {BuildIndependentTargetsInParallel = 1; LastUpgradeCheck = 1700; TargetAttributes = {400000000000000000000001 = {CreatedOnToolsVersion = 26.0; }; }; }; buildConfigurationList = 700000000000000000000001; compatibilityVersion = "Xcode 14.0"; developmentRegion = zh; hasScannedForEncodings = 0; knownRegions = (zh, en, Base); mainGroup = 300000000000000000000001; productRefGroup = 300000000000000000000003; projectDirPath = ""; projectRoot = ""; targets = (400000000000000000000001); };
/* End PBXProject section */
/* Begin PBXSourcesBuildPhase section */
		500000000000000000000001 = {isa = PBXSourcesBuildPhase; buildActionMask = 2147483647; files = (100000000000000000000001, 100000000000000000000002); runOnlyForDeploymentPostprocessing = 0; };
/* End PBXSourcesBuildPhase section */
/* Begin XCBuildConfiguration section */
		600000000000000000000001 = {isa = XCBuildConfiguration; buildSettings = {CLANG_ENABLE_MODULES = YES; SDKROOT = macosx; SWIFT_VERSION = 5.9; }; name = Debug; };
		600000000000000000000002 = {isa = XCBuildConfiguration; buildSettings = {CLANG_ENABLE_MODULES = YES; SDKROOT = macosx; SWIFT_VERSION = 5.9; }; name = Release; };
		600000000000000000000003 = {isa = XCBuildConfiguration; buildSettings = {APPLICATION_EXTENSION_API_ONLY = YES; CODE_SIGN_ENTITLEMENTS = Widget/AppGroup.entitlements; CODE_SIGN_STYLE = Manual; GENERATE_INFOPLIST_FILE = NO; INFOPLIST_FILE = Widget/Info.plist; MACOSX_DEPLOYMENT_TARGET = 14.0; PRODUCT_BUNDLE_IDENTIFIER = com.skyfrost.ncustudyrocket.widget; PRODUCT_NAME = "$(TARGET_NAME)"; SKIP_INSTALL = YES; SWIFT_VERSION = 5.9; }; name = Debug; };
		600000000000000000000004 = {isa = XCBuildConfiguration; buildSettings = {APPLICATION_EXTENSION_API_ONLY = YES; CODE_SIGN_ENTITLEMENTS = Widget/AppGroup.entitlements; CODE_SIGN_STYLE = Manual; GENERATE_INFOPLIST_FILE = NO; INFOPLIST_FILE = Widget/Info.plist; MACOSX_DEPLOYMENT_TARGET = 14.0; PRODUCT_BUNDLE_IDENTIFIER = com.skyfrost.ncustudyrocket.widget; PRODUCT_NAME = "$(TARGET_NAME)"; SKIP_INSTALL = YES; SWIFT_OPTIMIZATION_LEVEL = "-O"; SWIFT_VERSION = 5.9; }; name = Release; };
/* End XCBuildConfiguration section */
/* Begin XCConfigurationList section */
		700000000000000000000001 = {isa = XCConfigurationList; buildConfigurations = (600000000000000000000001, 600000000000000000000002); defaultConfigurationIsVisible = 0; defaultConfigurationName = Release; };
		700000000000000000000002 = {isa = XCConfigurationList; buildConfigurations = (600000000000000000000003, 600000000000000000000004); defaultConfigurationIsVisible = 0; defaultConfigurationName = Release; };
/* End XCConfigurationList section */
	};
	rootObject = 400000000000000000000002;
}
